
Microsoft Visual Studio Solution File, Format Version 12.00
# Visual Studio Version 17
VisualStudioVersion = 17.14.36623.8 d17.14
MinimumVisualStudioVersion = 10.0.40219.1
Project("{FAE04EC0-301F-11D3-BF4B-00C04F79EFBC}") = "LayerDataBase", "LayerDataBase\LayerDataBase.csproj", "{BB55B710-DCF7-48D6-B189-934B8673FBAC}"
EndProject
Project("{FAE04EC0-301F-11D3-BF4B-00C04F79EFBC}") = "LayerControllerInversion", "LayerControllerInversion\LayerControllerInversion.csproj", "{78B88690-5E76-4862-B6D0-54B3931A5E27}"
EndProject
Project("{FAE04EC0-301F-11D3-BF4B-00C04F79EFBC}") = "LayerEntity", "LayerEntity\LayerEntity.csproj", "{A7EAE094-300B-47D2-911D-319B79F5029C}"
EndProject
Project("{FAE04EC0-301F-11D3-BF4B-00C04F79EFBC}") = "LayerBusiness", "LayerBusiness\LayerBusiness.csproj", "{F427701E-4A81-4EAF-A431-A166F600629A}"
EndProject
Project("{FAE04EC0-301F-11D3-BF4B-00C04F79EFBC}") = "Web", "Web\Web.csproj", "{7B8C518A-7EC4-4678-BECF-DD8104E06E43}"
EndProject
Global
	GlobalSection(SolutionConfigurationPlatforms) = preSolution
		Debug|Any CPU = Debug|Any CPU
		Release|Any CPU = Release|Any CPU
	EndGlobalSection
	GlobalSection(ProjectConfigurationPlatforms) = postSolution
		{BB55B710-DCF7-48D6-B189-934B8673FBAC}.Debug|Any CPU.ActiveCfg = Debug|Any CPU
		{BB55B710-DCF7-48D6-B189-934B8673FBAC}.Debug|Any CPU.Build.0 = Debug|Any CPU
		{BB55B710-DCF7-48D6-B189-934B8673FBAC}.Release|Any CPU.ActiveCfg = Release|Any CPU
		{BB55B710-DCF7-48D6-B189-934B8673FBAC}.Release|Any CPU.Build.0 = Release|Any CPU
		{78B88690-5E76-4862-B6D0-54B3931A5E27}.Debug|Any CPU.ActiveCfg = Debug|Any CPU
		{78B88690-5E76-4862-B6D0-54B3931A5E27}.Debug|Any CPU.Build.0 = Debug|Any CPU
		{78B88690-5E76-4862-B6D0-54B3931A5E27}.Release|Any CPU.ActiveCfg = Release|Any CPU
		{78B88690-5E76-4862-B6D0-54B3931A5E27}.Release|Any CPU.Build.0 = Release|Any CPU
		{A7EAE094-300B-47D2-911D-319B79F5029C}.Debug|Any CPU.ActiveCfg = Debug|Any CPU
		{A7EAE094-300B-47D2-911D-319B79F5029C}.Debug|Any CPU.Build.0 = Debug|Any CPU
		{A7EAE094-300B-47D2-911D-319B79F5029C}.Release|Any CPU.ActiveCfg = Release|Any CPU
		{A7EAE094-300B-47D2-911D-319B79F5029C}.Release|Any CPU.Build.0 = Release|Any CPU
		{F427701E-4A81-4EAF-A431-A166F600629A}.Debug|Any CPU.ActiveCfg = Debug|Any CPU
		{F427701E-4A81-4EAF-A431-A166F600629A}.Debug|Any CPU.Build.0 = Debug|Any CPU
		{F427701E-4A81-4EAF-A431-A166F600629A}.Release|Any CPU.ActiveCfg = Release|Any CPU
		{F427701E-4A81-4EAF-A431-A166F600629A}.Release|Any CPU.Build.0 = Release|Any CPU
		{7B8C518A-7EC4-4678-BECF-DD8104E06E43}.Debug|Any CPU.ActiveCfg = Debug|Any CPU
		{7B8C518A-7EC4-4678-BECF-DD8104E06E43}.Debug|Any CPU.Build.0 = Debug|Any CPU
		{7B8C518A-7EC4-4678-BECF-DD8104E06E43}.Release|Any CPU.ActiveCfg = Release|Any CPU
		{7B8C518A-7EC4-4678-BECF-DD8104E06E43}.Release|Any CPU.Build.0 = Release|Any CPU
	EndGlobalSection
	GlobalSection(SolutionProperties) = preSolution
		HideSolutionNode = FALSE
	EndGlobalSection
	GlobalSection(ExtensibilityGlobals) = postSolution
		SolutionGuid = {DF47A3DB-2FE6-4066-9C4E-8FCFF168FC1E}
	EndGlobalSection
EndGlobal
